
Microsoft Visual Studio Solution File, Format Version 12.00
# Visual Studio 15
VisualStudioVersion = 15.0.26124.0
MinimumVisualStudioVersion = 15.0.26124.0
Project("{2150E333-8FDC-42A3-9474-1A3956D46DE8}") = "src", "src", "{A5B11846-1D16-4024-993A-38868401D7B4}"
EndProject
Project("{FAE04EC0-301F-11D3-BF4B-00C04F79EFBC}") = "GradeBook", "src\GradeBook\GradeBook.csproj", "{1B4CA999-5FDC-4EC3-AD90-445E0DA1F57D}"
EndProject
Project("{2150E333-8FDC-42A3-9474-1A3956D46DE8}") = "test", "test", "{08A2D07E-4BE8-4BDF-B474-D389E64859C6}"
EndProject
Project("{FAE04EC0-301F-11D3-BF4B-00C04F79EFBC}") = "GradeBook.Tests", "test\GradeBook.Tests\GradeBook.Tests.csproj", "{B97CE6AF-A199-4027-AA60-E6B0AC73FFA7}"
EndProject
Global
	GlobalSection(SolutionConfigurationPlatforms) = preSolution
		Debug|Any CPU = Debug|Any CPU
		Debug|x64 = Debug|x64
		Debug|x86 = Debug|x86
		Release|Any CPU = Release|Any CPU
		Release|x64 = Release|x64
		Release|x86 = Release|x86
	EndGlobalSection
	GlobalSection(SolutionProperties) = preSolution
		HideSolutionNode = FALSE
	EndGlobalSection
	GlobalSection(ProjectConfigurationPlatforms) = postSolution
		{1B4CA999-5FDC-4EC3-AD90-445E0DA1F57D}.Debug|Any CPU.ActiveCfg = Debug|Any CPU
		{1B4CA999-5FDC-4EC3-AD90-445E0DA1F57D}.Debug|Any CPU.Build.0 = Debug|Any CPU
		{1B4CA999-5FDC-4EC3-AD90-445E0DA1F57D}.Debug|x64.ActiveCfg = Debug|Any CPU
		{1B4CA999-5FDC-4EC3-AD90-445E0DA1F57D}.Debug|x64.Build.0 = Debug|Any CPU
		{1B4CA999-5FDC-4EC3-AD90-445E0DA1F57D}.Debug|x86.ActiveCfg = Debug|Any CPU
		{1B4CA999-5FDC-4EC3-AD90-445E0DA1F57D}.Debug|x86.Build.0 = Debug|Any CPU
		{1B4CA999-5FDC-4EC3-AD90-445E0DA1F57D}.Release|Any CPU.ActiveCfg = Release|Any CPU
		{1B4CA999-5FDC-4EC3-AD90-445E0DA1F57D}.Release|Any CPU.Build.0 = Release|Any CPU
		{1B4CA999-5FDC-4EC3-AD90-445E0DA1F57D}.Release|x64.ActiveCfg = Release|Any CPU
		{1B4CA999-5FDC-4EC3-AD90-445E0DA1F57D}.Release|x64.Build.0 = Release|Any CPU
		{1B4CA999-5FDC-4EC3-AD90-445E0DA1F57D}.Release|x86.ActiveCfg = Release|Any CPU
		{1B4CA999-5FDC-4EC3-AD90-445E0DA1F57D}.Release|x86.Build.0 = Release|Any CPU
		{B97CE6AF-A199-4027-AA60-E6B0AC73FFA7}.Debug|Any CPU.ActiveCfg = Debug|Any CPU
		{B97CE6AF-A199-4027-AA60-E6B0AC73FFA7}.Debug|Any CPU.Build.0 = Debug|Any CPU
		{B97CE6AF-A199-4027-AA60-E6B0AC73FFA7}.Debug|x64.ActiveCfg = Debug|Any CPU
		{B97CE6AF-A199-4027-AA60-E6B0AC73FFA7}.Debug|x64.Build.0 = Debug|Any CPU
		{B97CE6AF-A199-4027-AA60-E6B0AC73FFA7}.Debug|x86.ActiveCfg = Debug|Any CPU
		{B97CE6AF-A199-4027-AA60-E6B0AC73FFA7}.Debug|x86.Build.0 = Debug|Any CPU
		{B97CE6AF-A199-4027-AA60-E6B0AC73FFA7}.Release|Any CPU.ActiveCfg = Release|Any CPU
		{B97CE6AF-A199-4027-AA60-E6B0AC73FFA7}.Release|Any CPU.Build.0 = Release|Any CPU
		{B97CE6AF-A199-4027-AA60-E6B0AC73FFA7}.Release|x64.ActiveCfg = Release|Any CPU
		{B97CE6AF-A199-4027-AA60-E6B0AC73FFA7}.Release|x64.Build.0 = Release|Any CPU
		{B97CE6AF-A199-4027-AA60-E6B0AC73FFA7}.Release|x86.ActiveCfg = Release|Any CPU
		{B97CE6AF-A199-4027-AA60-E6B0AC73FFA7}.Release|x86.Build.0 = Release|Any CPU
	EndGlobalSection
	GlobalSection(NestedProjects) = preSolution
		{1B4CA999-5FDC-4EC3-AD90-445E0DA1F57D} = {A5B11846-1D16-4024-993A-38868401D7B4}
		{B97CE6AF-A199-4027-AA60-E6B0AC73FFA7} = {08A2D07E-4BE8-4BDF-B474-D389E64859C6}
	EndGlobalSection
EndGlobal
